{
  "nodes": {
    "bend": {
      "inputs": {
        "nixpkgs": [
          "nixpkgs"
        ]
      },
      "locked": {
        "lastModified": 1790013287,
        "narHash": "sha256-Yr/1J0Wn0Q0xkmPwJk2eOyCrqMgOymZu1Np2FKoVRMQ=",
        "owner": "bendlang",
        "repo": "bend",
        "rev": "a49524265bdfa5753a4bf38e25f0574a705dd868",
        "type": "github"
      },
      "original": {
        "owner": "bendlang",
        "repo": "bend",
        "type": "github"
      }
    },
    "bolt": {
      "inputs": {
        "bend": [
          "bend"
        ],
        "ez": "ez_2",
        "nixpkgs": [
          "nixpkgs"
        ]
      },
      "locked": {
        "lastModified": 1790204916,
        "narHash": "sha256-ZCB8tU30YQaOdsBikVy0RmDHGyAa8/cqpOLXJt5n18k=",
        "owner": "Emerging-Patterns",
        "repo": "bolt",
        "rev": "9a8fd99f5861061b8cd1e097a5285321f1fb28c1",
        "type": "github"
      },
      "original": {
        "owner": "Emerging-Patterns",
        "repo": "bolt",
        "type": "github"
      }
    },
    "ez": {
      "inputs": {
        "bend": [
          "bend"
        ],
        "nixpkgs": [
          "nixpkgs"
        ]
      },
      "locked": {
        "lastModified": 1790016710,
        "narHash": "sha256-6ZUA05LIhKkY+iS2d7dlBw6PDlRHCxaO0vu/hVCGlhY=",
        "owner": "Emerging-Patterns",
        "repo": "ez",
        "rev": "61cdee440a20e7f250f64e1bd28ea201a2858c70",
        "type": "github"
      },
      "original": {
        "owner": "Emerging-Patterns",
        "repo": "ez",
        "type": "github"
      }
    },
    "ez_2": {
      "inputs": {
        "bend": [
          "bolt",
          "bend"
        ],
        "nixpkgs": [
          "bolt",
          "nixpkgs"
        ]
      },
      "locked": {
        "lastModified": 1790195007,
        "narHash": "sha256-DtaKysIWHczZW08OjTloixIJ6b8XlW3BLVpHOWxLy/w=",
        "owner": "Emerging-Patterns",
        "repo": "ez",
        "rev": "baee2c6e1b57118ffae574e8c8388f6255b6d6f5",
        "type": "github"
      },
      "original": {
        "owner": "Emerging-Patterns",
        "repo": "ez",
        "type": "github"
      }
    },
    "nixpkgs": {
      "locked": {
        "lastModified": 1789546076,
        "narHash": "sha256-zVxLZiSnmaaPLwnhj7pwmqe3axBg/C6nG5JZsJMh2g4=",
        "owner": "NixOS",
        "repo": "nixpkgs",
        "rev": "b1b875982b17dabde9b4a37f3e229e74913e6db3",
        "type": "github"
      },
      "original": {
        "owner": "NixOS",
        "ref": "nixos-unstable",
        "repo": "nixpkgs",
        "type": "github"
      }
    },
    "root": {
      "inputs": {
        "bend": "bend",
        "bolt": "bolt",
        "ez": "ez",
        "nixpkgs": "nixpkgs"
      }
    }
  },
  "root": "root",
  "version": 7
}
